
Microsoft Visual Studio Solution File, Format Version 12.00
# Visual Studio Version 17
VisualStudioVersion = 17.14.36221.1 d17.14
MinimumVisualStudioVersion = 10.0.40219.1
Project("{FAE04EC0-301F-11D3-BF4B-00C04F79EFBC}") = "CorretoraDeImoveis", "CorretoraDeImoveis\CorretoraDeImoveis.csproj", "{186AF69D-42DA-4028-9F90-D49A82665E06}"
EndProject
Global
	GlobalSection(SolutionConfigurationPlatforms) = preSolution
		Debug|Any CPU = Debug|Any CPU
		Release|Any CPU = Release|Any CPU
	EndGlobalSection
	GlobalSection(ProjectConfigurationPlatforms) = postSolution
		{186AF69D-42DA-4028-9F90-D49A82665E06}.Debug|Any CPU.ActiveCfg = Debug|Any CPU
		{186AF69D-42DA-4028-9F90-D49A82665E06}.Debug|Any CPU.Build.0 = Debug|Any CPU
		{186AF69D-42DA-4028-9F90-D49A82665E06}.Release|Any CPU.ActiveCfg = Release|Any CPU
		{186AF69D-42DA-4028-9F90-D49A82665E06}.Release|Any CPU.Build.0 = Release|Any CPU
	EndGlobalSection
	GlobalSection(SolutionProperties) = preSolution
		HideSolutionNode = FALSE
	EndGlobalSection
	GlobalSection(ExtensibilityGlobals) = postSolution
		SolutionGuid = {90C3DA94-8D8F-49F5-8B8C-86E3C5C3BE53}
	EndGlobalSection
EndGlobal
