
Microsoft Visual Studio Solution File, Format Version 12.00
# Visual Studio Version 17
VisualStudioVersion = 17.12.35527.113 d17.12
MinimumVisualStudioVersion = 10.0.40219.1
Project("{FAE04EC0-301F-11D3-BF4B-00C04F79EFBC}") = "Dia da semana", "Dia da semana.csproj", "{C2DE7E37-F1F9-41B7-91AC-4EBDC10C3085}"
EndProject
Global
	GlobalSection(SolutionConfigurationPlatforms) = preSolution
		Debug|Any CPU = Debug|Any CPU
		Release|Any CPU = Release|Any CPU
	EndGlobalSection
	GlobalSection(ProjectConfigurationPlatforms) = postSolution
		{C2DE7E37-F1F9-41B7-91AC-4EBDC10C3085}.Debug|Any CPU.ActiveCfg = Debug|Any CPU
		{C2DE7E37-F1F9-41B7-91AC-4EBDC10C3085}.Debug|Any CPU.Build.0 = Debug|Any CPU
		{C2DE7E37-F1F9-41B7-91AC-4EBDC10C3085}.Release|Any CPU.ActiveCfg = Release|Any CPU
		{C2DE7E37-F1F9-41B7-91AC-4EBDC10C3085}.Release|Any CPU.Build.0 = Release|Any CPU
	EndGlobalSection
	GlobalSection(SolutionProperties) = preSolution
		HideSolutionNode = FALSE
	EndGlobalSection
EndGlobal
