
Microsoft Visual Studio Solution File, Format Version 12.00
# Visual Studio Version 17
VisualStudioVersion = 17.13.35913.81 d17.13
MinimumVisualStudioVersion = 10.0.40219.1
Project("{FAE04EC0-301F-11D3-BF4B-00C04F79EFBC}") = "Aula03", "Aula03\Aula03.csproj", "{D985EFCE-04B7-41E4-BA72-1D6292AD7C54}"
EndProject
Global
	GlobalSection(SolutionConfigurationPlatforms) = preSolution
		Debug|Any CPU = Debug|Any CPU
		Release|Any CPU = Release|Any CPU
	EndGlobalSection
	GlobalSection(ProjectConfigurationPlatforms) = postSolution
		{D985EFCE-04B7-41E4-BA72-1D6292AD7C54}.Debug|Any CPU.ActiveCfg = Debug|Any CPU
		{D985EFCE-04B7-41E4-BA72-1D6292AD7C54}.Debug|Any CPU.Build.0 = Debug|Any CPU
		{D985EFCE-04B7-41E4-BA72-1D6292AD7C54}.Release|Any CPU.ActiveCfg = Release|Any CPU
		{D985EFCE-04B7-41E4-BA72-1D6292AD7C54}.Release|Any CPU.Build.0 = Release|Any CPU
	EndGlobalSection
	GlobalSection(SolutionProperties) = preSolution
		HideSolutionNode = FALSE
	EndGlobalSection
	GlobalSection(ExtensibilityGlobals) = postSolution
		SolutionGuid = {73A17F44-3505-4271-892D-808908AD7F1C}
	EndGlobalSection
EndGlobal
